version = 1
revision = 3
requires-python = ">=3.10"

[[package]]
name = "debugpy"
version = "1.8.19"
source = { registry = "https://pypi.org/simple" }
sdist = { url = "https://files.pythonhosted.org/packages/73/75/9e12d4d42349b817cd545b89247696c67917aab907012ae5b64bbfea3199/debugpy-1.8.19.tar.gz", hash = "sha256:eea7e5987445ab0b5ed258093722d5ecb8bb72217c5c9b1e21f64efe23ddebdb", size = 1644590, upload-time = "2025-12-15T21:53:28.044Z" }
wheels = [
    { url = "https://files.pythonhosted.org/packages/bf/98/d57054371887f37d3c959a7a8dc3c76b763acb65f5e78d849d7db7cadc5b/debugpy-1.8.19-cp310-cp310-macosx_15_0_x86_64.whl", hash = "sha256:fce6da15d73be5935b4438435c53adb512326a3e11e4f90793ea87cd9f018254", size = 2098493, upload-time = "2025-12-15T21:53:30.149Z" },
    { url = "https://files.pythonhosted.org/packages/ee/dd/c517b9aa3500157a30e4f4c4f5149f880026bd039d2b940acd2383a85d8e/debugpy-1.8.19-cp310-cp310-manylinux_2_34_x86_64.whl", hash = "sha256:e24b1652a1df1ab04d81e7ead446a91c226de704ff5dde6bd0a0dbaab07aa3f2", size = 3087875, upload-time = "2025-12-15T21:53:31.511Z" },
    { url = "https://files.pythonhosted.org/packages/d8/57/3d5a5b0da9b63445253107ead151eff29190c6ad7440c68d1a59d56613aa/debugpy-1.8.19-cp310-cp310-win32.whl", hash = "sha256:327cb28c3ad9e17bc925efc7f7018195fd4787c2fe4b7af1eec11f1d19bdec62", size = 5239378, upload-time = "2025-12-15T21:53:32.979Z" },
    { url = "https://files.pythonhosted.org/packages/a6/36/7f9053c4c549160c87ae7e43800138f2695578c8b65947114c97250983b6/debugpy-1.8.19-cp310-cp310-win_amd64.whl", hash = "sha256:b7dd275cf2c99e53adb9654f5ae015f70415bbe2bacbe24cfee30d54b6aa03c5", size = 5271129, upload-time = "2025-12-15T21:53:35.085Z" },
    { url = "https://files.pythonhosted.org/packages/80/e2/48531a609b5a2aa94c6b6853afdfec8da05630ab9aaa96f1349e772119e9/debugpy-1.8.19-cp311-cp311-macosx_15_0_universal2.whl", hash = "sha256:c5dcfa21de1f735a4f7ced4556339a109aa0f618d366ede9da0a3600f2516d8b", size = 2207620, upload-time = "2025-12-15T21:53:37.1Z" },
    { url = "https://files.pythonhosted.org/packages/1b/d4/97775c01d56071969f57d93928899e5616a4cfbbf4c8cc75390d3a51c4a4/debugpy-1.8.19-cp311-cp311-manylinux_2_34_x86_64.whl", hash = "sha256:806d6800246244004625d5222d7765874ab2d22f3ba5f615416cf1342d61c488", size = 3170796, upload-time = "2025-12-15T21:53:38.513Z" },
    { url = "https://files.pythonhosted.org/packages/8d/7e/8c7681bdb05be9ec972bbb1245eb7c4c7b0679bb6a9e6408d808bc876d3d/debugpy-1.8.19-cp311-cp311-win32.whl", hash = "sha256:783a519e6dfb1f3cd773a9bda592f4887a65040cb0c7bd38dde410f4e53c40d4", size = 5164287, upload-time = "2025-12-15T21:53:40.857Z" },
    { url = "https://files.pythonhosted.org/packages/f2/a8/aaac7ff12ddf5d68a39e13a423a8490426f5f661384f5ad8d9062761bd8e/debugpy-1.8.19-cp311-cp311-win_amd64.whl", hash = "sha256:14035cbdbb1fe4b642babcdcb5935c2da3b1067ac211c5c5a8fdc0bb31adbcaa", size = 5188269, upload-time = "2025-12-15T21:53:42.359Z" },
    { url = "https://files.pythonhosted.org/packages/4a/15/d762e5263d9e25b763b78be72dc084c7a32113a0bac119e2f7acae7700ed/debugpy-1.8.19-cp312-cp312-macosx_15_0_universal2.whl", hash = "sha256:bccb1540a49cde77edc7ce7d9d075c1dbeb2414751bc0048c7a11e1b597a4c2e", size = 2549995, upload-time = "2025-12-15T21:53:43.773Z" },
    { url = "https://files.pythonhosted.org/packages/a7/88/f7d25c68b18873b7c53d7c156ca7a7ffd8e77073aa0eac170a9b679cf786/debugpy-1.8.19-cp312-cp312-manylinux_2_34_x86_64.whl", hash = "sha256:e9c68d9a382ec754dc05ed1d1b4ed5bd824b9f7c1a8cd1083adb84b3c93501de", size = 4309891, upload-time = "2025-12-15T21:53:45.26Z" },
    { url = "https://files.pythonhosted.org/packages/c5/4f/a65e973aba3865794da65f71971dca01ae66666132c7b2647182d5be0c5f/debugpy-1.8.19-cp312-cp312-win32.whl", hash = "sha256:6599cab8a783d1496ae9984c52cb13b7c4a3bd06a8e6c33446832a5d97ce0bee", size = 5286355, upload-time = "2025-12-15T21:53:46.763Z" },
    { url = "https://files.pythonhosted.org/packages/d8/3a/d3d8b48fec96e3d824e404bf428276fb8419dfa766f78f10b08da1cb2986/debugpy-1.8.19-cp312-cp312-win_amd64.whl", hash = "sha256:66e3d2fd8f2035a8f111eb127fa508469dfa40928a89b460b41fd988684dc83d", size = 5328239, upload-time = "2025-12-15T21:53:48.868Z" },
    { url = "https://files.pythonhosted.org/packages/71/3d/388035a31a59c26f1ecc8d86af607d0c42e20ef80074147cd07b180c4349/debugpy-1.8.19-cp313-cp313-macosx_15_0_universal2.whl", hash = "sha256:91e35db2672a0abaf325f4868fcac9c1674a0d9ad9bb8a8c849c03a5ebba3e6d", size = 2538859, upload-time = "2025-12-15T21:53:50.478Z" },
    { url = "https://files.pythonhosted.org/packages/4a/19/c93a0772d0962294f083dbdb113af1a7427bb632d36e5314297068f55db7/debugpy-1.8.19-cp313-cp313-manylinux_2_34_x86_64.whl", hash = "sha256:85016a73ab84dea1c1f1dcd88ec692993bcbe4532d1b49ecb5f3c688ae50c606", size = 4292575, upload-time = "2025-12-15T21:53:51.821Z" },
    { url = "https://files.pythonhosted.org/packages/5c/56/09e48ab796b0a77e3d7dc250f95251832b8bf6838c9632f6100c98bdf426/debugpy-1.8.19-cp313-cp313-win32.whl", hash = "sha256:b605f17e89ba0ecee994391194285fada89cee111cfcd29d6f2ee11cbdc40976", size = 5286209, upload-time = "2025-12-15T21:53:53.602Z" },
    { url = "https://files.pythonhosted.org/packages/fb/4e/931480b9552c7d0feebe40c73725dd7703dcc578ba9efc14fe0e6d31cfd1/debugpy-1.8.19-cp313-cp313-win_amd64.whl", hash = "sha256:c30639998a9f9cd9699b4b621942c0179a6527f083c72351f95c6ab1728d5b73", size = 5328206, upload-time = "2025-12-15T21:53:55.433Z" },
    { url = "https://files.pythonhosted.org/packages/f6/b9/cbec520c3a00508327476c7fce26fbafef98f412707e511eb9d19a2ef467/debugpy-1.8.19-cp314-cp314-macosx_15_0_universal2.whl", hash = "sha256:1e8c4d1bd230067bf1bbcdbd6032e5a57068638eb28b9153d008ecde288152af", size = 2537372, upload-time = "2025-12-15T21:53:57.318Z" },
    { url = "https://files.pythonhosted.org/packages/88/5e/cf4e4dc712a141e10d58405c58c8268554aec3c35c09cdcda7535ff13f76/debugpy-1.8.19-cp314-cp314-manylinux_2_34_x86_64.whl", hash = "sha256:d40c016c1f538dbf1762936e3aeb43a89b965069d9f60f9e39d35d9d25e6b809", size = 4268729, upload-time = "2025-12-15T21:53:58.712Z" },
    { url = "https://files.pythonhosted.org/packages/82/a3/c91a087ab21f1047db328c1d3eb5d1ff0e52de9e74f9f6f6fa14cdd93d58/debugpy-1.8.19-cp314-cp314-win32.whl", hash = "sha256:0601708223fe1cd0e27c6cce67a899d92c7d68e73690211e6788a4b0e1903f5b", size = 5286388, upload-time = "2025-12-15T21:54:00.687Z" },
    { url = "https://files.pythonhosted.org/packages/17/b8/bfdc30b6e94f1eff09f2dc9cc1f9cd1c6cde3d996bcbd36ce2d9a4956e99/debugpy-1.8.19-cp314-cp314-win_amd64.whl", hash = "sha256:8e19a725f5d486f20e53a1dde2ab8bb2c9607c40c00a42ab646def962b41125f", size = 5327741, upload-time = "2025-12-15T21:54:02.148Z" },
    { url = "https://files.pythonhosted.org/packages/25/3e/e27078370414ef35fafad2c06d182110073daaeb5d3bf734b0b1eeefe452/debugpy-1.8.19-py2.py3-none-any.whl", hash = "sha256:360ffd231a780abbc414ba0f005dad409e71c78637efe8f2bd75837132a41d38", size = 5292321, upload-time = "2025-12-15T21:54:16.024Z" },
]

[[package]]
name = "mas-algo-cli"
version = "0.1.0"
source = { editable = "." }
dependencies = [
    { name = "debugpy" },
]

[package.metadata]
requires-dist = [{ name = "debugpy", specifier = ">=1.8.0" }]
