# This file is automatically @generated by Cargo.
# It is not intended for manual editing.
version = 4

[[package]]
name = "_xml2arrow"
version = "0.12.0"
dependencies = [
 "arrow",
 "pyo3",
 "pyo3-file",
 "xml2arrow",
]

[[package]]
name = "ahash"
version = "0.8.11"
source = "registry+https://github.com/rust-lang/crates.io-index"
checksum = "e89da841a80418a9b391ebaea17f5c112ffaaa96f621d2c285b5174da76b9011"
dependencies = [
 "cfg-if",
 "const-random",
 "getrandom",
 "once_cell",
 "version_check",
 "zerocopy",
]

[[package]]
name = "aho-corasick"
version = "1.1.3"
source = "registry+https://github.com/rust-lang/crates.io-index"
checksum = "8e60d3430d3a69478ad0993f19238d2df97c507009a52b3c10addcd7f6bcb916"
dependencies = [
 "memchr",
]

[[package]]
name = "android-tzdata"
version = "0.1.1"
source = "registry+https://github.com/rust-lang/crates.io-index"
checksum = "e999941b234f3131b00bc13c22d06e8c5ff726d1b6318ac7eb276997bbb4fef0"

[[package]]
name = "android_system_properties"
version = "0.1.5"
source = "registry+https://github.com/rust-lang/crates.io-index"
checksum = "819e7219dbd41043ac279b19830f2efc897156490d7fd6ea916720117ee66311"
dependencies = [
 "libc",
]

[[package]]
name = "arrow"
version = "57.1.0"
source = "registry+https://github.com/rust-lang/crates.io-index"
checksum = "cb372a7cbcac02a35d3fb7b3fc1f969ec078e871f9bb899bf00a2e1809bec8a3"
dependencies = [
 "arrow-arith",
 "arrow-array",
 "arrow-buffer",
 "arrow-cast",
 "arrow-csv",
 "arrow-data",
 "arrow-ipc",
 "arrow-json",
 "arrow-ord",
 "arrow-pyarrow",
 "arrow-row",
 "arrow-schema",
 "arrow-select",
 "arrow-string",
]

[[package]]
name = "arrow-arith"
version = "57.1.0"
source = "registry+https://github.com/rust-lang/crates.io-index"
checksum = "0f377dcd19e440174596d83deb49cd724886d91060c07fec4f67014ef9d54049"
dependencies = [
 "arrow-array",
 "arrow-buffer",
 "arrow-data",
 "arrow-schema",
 "chrono",
 "num-traits",
]

[[package]]
name = "arrow-array"
version = "57.1.0"
source = "registry+https://github.com/rust-lang/crates.io-index"
checksum = "a23eaff85a44e9fa914660fb0d0bb00b79c4a3d888b5334adb3ea4330c84f002"
dependencies = [
 "ahash",
 "arrow-buffer",
 "arrow-data",
 "arrow-schema",
 "chrono",
 "half",
 "hashbrown",
 "num-complex",
 "num-integer",
 "num-traits",
]

[[package]]
name = "arrow-buffer"
version = "57.1.0"
source = "registry+https://github.com/rust-lang/crates.io-index"
checksum = "a2819d893750cb3380ab31ebdc8c68874dd4429f90fd09180f3c93538bd21626"
dependencies = [
 "bytes",
 "half",
 "num-bigint",
 "num-traits",
]

[[package]]
name = "arrow-cast"
version = "57.1.0"
source = "registry+https://github.com/rust-lang/crates.io-index"
checksum = "e3d131abb183f80c450d4591dc784f8d7750c50c6e2bc3fcaad148afc8361271"
dependencies = [
 "arrow-array",
 "arrow-buffer",
 "arrow-data",
 "arrow-ord",
 "arrow-schema",
 "arrow-select",
 "atoi",
 "base64",
 "chrono",
 "half",
 "lexical-core",
 "num-traits",
 "ryu",
]

[[package]]
name = "arrow-csv"
version = "57.1.0"
source = "registry+https://github.com/rust-lang/crates.io-index"
checksum = "2275877a0e5e7e7c76954669366c2aa1a829e340ab1f612e647507860906fb6b"
dependencies = [
 "arrow-array",
 "arrow-cast",
 "arrow-schema",
 "chrono",
 "csv",
 "csv-core",
 "regex",
]

[[package]]
name = "arrow-data"
version = "57.1.0"
source = "registry+https://github.com/rust-lang/crates.io-index"
checksum = "05738f3d42cb922b9096f7786f606fcb8669260c2640df8490533bb2fa38c9d3"
dependencies = [
 "arrow-buffer",
 "arrow-schema",
 "half",
 "num-integer",
 "num-traits",
]

[[package]]
name = "arrow-ipc"
version = "57.1.0"
source = "registry+https://github.com/rust-lang/crates.io-index"
checksum = "3d09446e8076c4b3f235603d9ea7c5494e73d441b01cd61fb33d7254c11964b3"
dependencies = [
 "arrow-array",
 "arrow-buffer",
 "arrow-data",
 "arrow-schema",
 "arrow-select",
 "flatbuffers",
]

[[package]]
name = "arrow-json"
version = "57.1.0"
source = "registry+https://github.com/rust-lang/crates.io-index"
checksum = "371ffd66fa77f71d7628c63f209c9ca5341081051aa32f9c8020feb0def787c0"
dependencies = [
 "arrow-array",
 "arrow-buffer",
 "arrow-cast",
 "arrow-data",
 "arrow-schema",
 "chrono",
 "half",
 "indexmap",
 "itoa",
 "lexical-core",
 "memchr",
 "num-traits",
 "ryu",
 "serde_core",
 "serde_json",
 "simdutf8",
]

[[package]]
name = "arrow-ord"
version = "57.1.0"
source = "registry+https://github.com/rust-lang/crates.io-index"
checksum = "cbc94fc7adec5d1ba9e8cd1b1e8d6f72423b33fe978bf1f46d970fafab787521"
dependencies = [
 "arrow-array",
 "arrow-buffer",
 "arrow-data",
 "arrow-schema",
 "arrow-select",
]

[[package]]
name = "arrow-pyarrow"
version = "57.1.0"
source = "registry+https://github.com/rust-lang/crates.io-index"
checksum = "fbd810e3997bae72f58cda57231ccb0a2fda07911ca1b0a5718cbf9379abb297"
dependencies = [
 "arrow-array",
 "arrow-data",
 "arrow-schema",
 "pyo3",
]

[[package]]
name = "arrow-row"
version = "57.1.0"
source = "registry+https://github.com/rust-lang/crates.io-index"
checksum = "169676f317157dc079cc5def6354d16db63d8861d61046d2f3883268ced6f99f"
dependencies = [
 "arrow-array",
 "arrow-buffer",
 "arrow-data",
 "arrow-schema",
 "half",
]

[[package]]
name = "arrow-schema"
version = "57.1.0"
source = "registry+https://github.com/rust-lang/crates.io-index"
checksum = "d27609cd7dd45f006abae27995c2729ef6f4b9361cde1ddd019dc31a5aa017e0"
dependencies = [
 "bitflags",
]

[[package]]
name = "arrow-select"
version = "57.1.0"
source = "registry+https://github.com/rust-lang/crates.io-index"
checksum = "ae980d021879ea119dd6e2a13912d81e64abed372d53163e804dfe84639d8010"
dependencies = [
 "ahash",
 "arrow-array",
 "arrow-buffer",
 "arrow-data",
 "arrow-schema",
 "num-traits",
]

[[package]]
name = "arrow-string"
version = "57.1.0"
source = "registry+https://github.com/rust-lang/crates.io-index"
checksum = "cf35e8ef49dcf0c5f6d175edee6b8af7b45611805333129c541a8b89a0fc0534"
dependencies = [
 "arrow-array",
 "arrow-buffer",
 "arrow-data",
 "arrow-schema",
 "arrow-select",
 "memchr",
 "num-traits",
 "regex",
 "regex-syntax",
]

[[package]]
name = "atoi"
version = "2.0.0"
source = "registry+https://github.com/rust-lang/crates.io-index"
checksum = "f28d99ec8bfea296261ca1af174f24225171fea9664ba9003cbebee704810528"
dependencies = [
 "num-traits",
]

[[package]]
name = "autocfg"
version = "1.4.0"
source = "registry+https://github.com/rust-lang/crates.io-index"
checksum = "ace50bade8e6234aa140d9a2f552bbee1db4d353f69b8217bc503490fc1a9f26"

[[package]]
name = "base64"
version = "0.22.1"
source = "registry+https://github.com/rust-lang/crates.io-index"
checksum = "72b3254f16251a8381aa12e40e3c4d2f0199f8c6508fbecb9d91f575e0fbb8c6"

[[package]]
name = "bitflags"
version = "2.9.1"
source = "registry+https://github.com/rust-lang/crates.io-index"
checksum = "1b8e56985ec62d17e9c1001dc89c88ecd7dc08e47eba5ec7c29c7b5eeecde967"

[[package]]
name = "bumpalo"
version = "3.16.0"
source = "registry+https://github.com/rust-lang/crates.io-index"
checksum = "79296716171880943b8470b5f8d03aa55eb2e645a4874bdbb28adb49162e012c"

[[package]]
name = "bytecount"
version = "0.6.8"
source = "registry+https://github.com/rust-lang/crates.io-index"
checksum = "5ce89b21cab1437276d2650d57e971f9d548a2d9037cc231abdc0562b97498ce"

[[package]]
name = "byteorder"
version = "1.5.0"
source = "registry+https://github.com/rust-lang/crates.io-index"
checksum = "1fd0f2584146f6f2ef48085050886acf353beff7305ebd1ae69500e27c67f64b"

[[package]]
name = "bytes"
version = "1.9.0"
source = "registry+https://github.com/rust-lang/crates.io-index"
checksum = "325918d6fe32f23b19878fe4b34794ae41fc19ddbe53b10571a4874d44ffd39b"

[[package]]
name = "camino"
version = "1.1.9"
source = "registry+https://github.com/rust-lang/crates.io-index"
checksum = "8b96ec4966b5813e2c0507c1f86115c8c5abaadc3980879c3424042a02fd1ad3"
dependencies = [
 "serde",
]

[[package]]
name = "cargo-platform"
version = "0.1.9"
source = "registry+https://github.com/rust-lang/crates.io-index"
checksum = "e35af189006b9c0f00a064685c727031e3ed2d8020f7ba284d78cc2671bd36ea"
dependencies = [
 "serde",
]

[[package]]
name = "cargo_metadata"
version = "0.14.2"
source = "registry+https://github.com/rust-lang/crates.io-index"
checksum = "4acbb09d9ee8e23699b9634375c72795d095bf268439da88562cf9b501f181fa"
dependencies = [
 "camino",
 "cargo-platform",
 "semver",
 "serde",
 "serde_json",
]

[[package]]
name = "cc"
version = "1.2.6"
source = "registry+https://github.com/rust-lang/crates.io-index"
checksum = "8d6dbb628b8f8555f86d0323c2eb39e3ec81901f4b83e091db8a6a76d316a333"
dependencies = [
 "shlex",
]

[[package]]
name = "cfg-if"
version = "1.0.0"
source = "registry+https://github.com/rust-lang/crates.io-index"
checksum = "baf1de4339761588bc0619e3cbc0120ee582ebb74b53b4efbf79117bd2da40fd"

[[package]]
name = "chrono"
version = "0.4.40"
source = "registry+https://github.com/rust-lang/crates.io-index"
checksum = "1a7964611d71df112cb1730f2ee67324fcf4d0fc6606acbbe9bfe06df124637c"
dependencies = [
 "android-tzdata",
 "iana-time-zone",
 "num-traits",
 "windows-link",
]

[[package]]
name = "const-random"
version = "0.1.18"
source = "registry+https://github.com/rust-lang/crates.io-index"
checksum = "87e00182fe74b066627d63b85fd550ac2998d4b0bd86bfed477a0ae4c7c71359"
dependencies = [
 "const-random-macro",
]

[[package]]
name = "const-random-macro"
version = "0.1.16"
source = "registry+https://github.com/rust-lang/crates.io-index"
checksum = "f9d839f2a20b0aee515dc581a6172f2321f96cab76c1a38a4c584a194955390e"
dependencies = [
 "getrandom",
 "once_cell",
 "tiny-keccak",
]

[[package]]
name = "core-foundation-sys"
version = "0.8.7"
source = "registry+https://github.com/rust-lang/crates.io-index"
checksum = "773648b94d0e5d620f64f280777445740e61fe701025087ec8b57f45c791888b"

[[package]]
name = "crunchy"
version = "0.2.2"
source = "registry+https://github.com/rust-lang/crates.io-index"
checksum = "7a81dae078cea95a014a339291cec439d2f232ebe854a9d672b796c6afafa9b7"

[[package]]
name = "csv"
version = "1.3.1"
source = "registry+https://github.com/rust-lang/crates.io-index"
checksum = "acdc4883a9c96732e4733212c01447ebd805833b7275a73ca3ee080fd77afdaf"
dependencies = [
 "csv-core",
 "itoa",
 "ryu",
 "serde",
]

[[package]]
name = "csv-core"
version = "0.1.11"
source = "registry+https://github.com/rust-lang/crates.io-index"
checksum = "5efa2b3d7902f4b634a20cae3c9c4e6209dc4779feb6863329607560143efa70"
dependencies = [
 "memchr",
]

[[package]]
name = "derive_more"
version = "2.0.1"
source = "registry+https://github.com/rust-lang/crates.io-index"
checksum = "093242cf7570c207c83073cf82f79706fe7b8317e98620a47d5be7c3d8497678"
dependencies = [
 "derive_more-impl",
]

[[package]]
name = "derive_more-impl"
version = "2.0.1"
source = "registry+https://github.com/rust-lang/crates.io-index"
checksum = "bda628edc44c4bb645fbe0f758797143e4e07926f7ebf4e9bdfbd3d2ce621df3"
dependencies = [
 "proc-macro2",
 "quote",
 "syn",
]

[[package]]
name = "equivalent"
version = "1.0.1"
source = "registry+https://github.com/rust-lang/crates.io-index"
checksum = "5443807d6dff69373d433ab9ef5378ad8df50ca6298caf15de6e52e24aaf54d5"

[[package]]
name = "errno"
version = "0.3.10"
source = "registry+https://github.com/rust-lang/crates.io-index"
checksum = "33d852cb9b869c2a9b3df2f71a3074817f01e1844f839a144f5fcef059a4eb5d"
dependencies = [
 "libc",
 "windows-sys",
]

[[package]]
name = "error-chain"
version = "0.12.4"
source = "registry+https://github.com/rust-lang/crates.io-index"
checksum = "2d2f06b9cac1506ece98fe3231e3cc9c4410ec3d5b1f24ae1c8946f0742cdefc"
dependencies = [
 "version_check",
]

[[package]]
name = "fastrand"
version = "2.3.0"
source = "registry+https://github.com/rust-lang/crates.io-index"
checksum = "37909eebbb50d72f9059c3b6d82c0463f2ff062c9e95845c43a6c9c0355411be"

[[package]]
name = "flatbuffers"
version = "25.2.10"
source = "registry+https://github.com/rust-lang/crates.io-index"
checksum = "1045398c1bfd89168b5fd3f1fc11f6e70b34f6f66300c87d44d3de849463abf1"
dependencies = [
 "bitflags",
 "rustc_version",
]

[[package]]
name = "fxhash"
version = "0.2.1"
source = "registry+https://github.com/rust-lang/crates.io-index"
checksum = "c31b6d751ae2c7f11320402d34e41349dd1016f8d5d45e48c4312bc8625af50c"
dependencies = [
 "byteorder",
]

[[package]]
name = "getrandom"
version = "0.2.15"
source = "registry+https://github.com/rust-lang/crates.io-index"
checksum = "c4567c8db10ae91089c99af84c68c38da3ec2f087c3f82960bcdbf3656b6f4d7"
dependencies = [
 "cfg-if",
 "libc",
 "wasi",
]

[[package]]
name = "glob"
version = "0.3.2"
source = "registry+https://github.com/rust-lang/crates.io-index"
checksum = "a8d1add55171497b4705a648c6b583acafb01d58050a51727785f0b2c8e0a2b2"

[[package]]
name = "half"
version = "2.4.1"
source = "registry+https://github.com/rust-lang/crates.io-index"
checksum = "6dd08c532ae367adf81c312a4580bc67f1d0fe8bc9c460520283f4c0ff277888"
dependencies = [
 "cfg-if",
 "crunchy",
 "num-traits",
]

[[package]]
name = "hashbrown"
version = "0.16.0"
source = "registry+https://github.com/rust-lang/crates.io-index"
checksum = "5419bdc4f6a9207fbeba6d11b604d481addf78ecd10c11ad51e76c2f6482748d"

[[package]]
name = "heck"
version = "0.5.0"
source = "registry+https://github.com/rust-lang/crates.io-index"
checksum = "2304e00983f87ffb38b55b444b5e3b60a884b5d30c0fca7d82fe33449bbe55ea"

[[package]]
name = "iana-time-zone"
version = "0.1.61"
source = "registry+https://github.com/rust-lang/crates.io-index"
checksum = "235e081f3925a06703c2d0117ea8b91f042756fd6e7a6e5d901e8ca1a996b220"
dependencies = [
 "android_system_properties",
 "core-foundation-sys",
 "iana-time-zone-haiku",
 "js-sys",
 "wasm-bindgen",
 "windows-core",
]

[[package]]
name = "iana-time-zone-haiku"
version = "0.1.2"
source = "registry+https://github.com/rust-lang/crates.io-index"
checksum = "f31827a206f56af32e590ba56d5d2d085f558508192593743f16b2306495269f"
dependencies = [
 "cc",
]

[[package]]
name = "indexmap"
version = "2.12.0"
source = "registry+https://github.com/rust-lang/crates.io-index"
checksum = "6717a8d2a5a929a1a2eb43a12812498ed141a0bcfb7e8f7844fbdbe4303bba9f"
dependencies = [
 "equivalent",
 "hashbrown",
]

[[package]]
name = "indoc"
version = "2.0.5"
source = "registry+https://github.com/rust-lang/crates.io-index"
checksum = "b248f5224d1d606005e02c97f5aa4e88eeb230488bcc03bc9ca4d7991399f2b5"

[[package]]
name = "itoa"
version = "1.0.14"
source = "registry+https://github.com/rust-lang/crates.io-index"
checksum = "d75a2a4b1b190afb6f5425f10f6a8f959d2ea0b9c2b1d79553551850539e4674"

[[package]]
name = "js-sys"
version = "0.3.76"
source = "registry+https://github.com/rust-lang/crates.io-index"
checksum = "6717b6b5b077764fb5966237269cb3c64edddde4b14ce42647430a78ced9e7b7"
dependencies = [
 "once_cell",
 "wasm-bindgen",
]

[[package]]
name = "lexical-core"
version = "1.0.6"
source = "registry+https://github.com/rust-lang/crates.io-index"
checksum = "7d8d125a277f807e55a77304455eb7b1cb52f2b18c143b60e766c120bd64a594"
dependencies = [
 "lexical-parse-float",
 "lexical-parse-integer",
 "lexical-util",
 "lexical-write-float",
 "lexical-write-integer",
]

[[package]]
name = "lexical-parse-float"
version = "1.0.6"
source = "registry+https://github.com/rust-lang/crates.io-index"
checksum = "52a9f232fbd6f550bc0137dcb5f99ab674071ac2d690ac69704593cb4abbea56"
dependencies = [
 "lexical-parse-integer",
 "lexical-util",
]

[[package]]
name = "lexical-parse-integer"
version = "1.0.6"
source = "registry+https://github.com/rust-lang/crates.io-index"
checksum = "9a7a039f8fb9c19c996cd7b2fcce303c1b2874fe1aca544edc85c4a5f8489b34"
dependencies = [
 "lexical-util",
]

[[package]]
name = "lexical-util"
version = "1.0.7"
source = "registry+https://github.com/rust-lang/crates.io-index"
checksum = "2604dd126bb14f13fb5d1bd6a66155079cb9fa655b37f875b3a742c705dbed17"

[[package]]
name = "lexical-write-float"
version = "1.0.6"
source = "registry+https://github.com/rust-lang/crates.io-index"
checksum = "50c438c87c013188d415fbabbb1dceb44249ab81664efbd31b14ae55dabb6361"
dependencies = [
 "lexical-util",
 "lexical-write-integer",
]

[[package]]
name = "lexical-write-integer"
version = "1.0.6"
source = "registry+https://github.com/rust-lang/crates.io-index"
checksum = "409851a618475d2d5796377cad353802345cba92c867d9fbcde9cf4eac4e14df"
dependencies = [
 "lexical-util",
]

[[package]]
name = "libc"
version = "0.2.169"
source = "registry+https://github.com/rust-lang/crates.io-index"
checksum = "b5aba8db14291edd000dfcc4d620c7ebfb122c613afb886ca8803fa4e128a20a"

[[package]]
name = "libm"
version = "0.2.11"
source = "registry+https://github.com/rust-lang/crates.io-index"
checksum = "8355be11b20d696c8f18f6cc018c4e372165b1fa8126cef092399c9951984ffa"

[[package]]
name = "linux-raw-sys"
version = "0.4.14"
source = "registry+https://github.com/rust-lang/crates.io-index"
checksum = "78b3ae25bc7c8c38cec158d1f2757ee79e9b3740fbc7ccf0e59e4b08d793fa89"

[[package]]
name = "lock_api"
version = "0.4.12"
source = "registry+https://github.com/rust-lang/crates.io-index"
checksum = "07af8b9cdd281b7915f413fa73f29ebd5d55d0d3f0155584dade1ff18cea1b17"
dependencies = [
 "autocfg",
 "scopeguard",
]

[[package]]
name = "log"
version = "0.4.22"
source = "registry+https://github.com/rust-lang/crates.io-index"
checksum = "a7a70ba024b9dc04c27ea2f0c0548feb474ec5c54bba33a7f72f873a39d07b24"

[[package]]
name = "memchr"
version = "2.7.4"
source = "registry+https://github.com/rust-lang/crates.io-index"
checksum = "78ca9ab1a0babb1e7d5695e3530886289c18cf2f87ec19a575a0abdce112e3a3"

[[package]]
name = "memoffset"
version = "0.9.1"
source = "registry+https://github.com/rust-lang/crates.io-index"
checksum = "488016bfae457b036d996092f6cb448677611ce4449e970ceaf42695203f218a"
dependencies = [
 "autocfg",
]

[[package]]
name = "new_debug_unreachable"
version = "1.0.6"
source = "registry+https://github.com/rust-lang/crates.io-index"
checksum = "650eef8c711430f1a879fdd01d4745a7deea475becfb90269c06775983bbf086"

[[package]]
name = "num-bigint"
version = "0.4.6"
source = "registry+https://github.com/rust-lang/crates.io-index"
checksum = "a5e44f723f1133c9deac646763579fdb3ac745e418f2a7af9cd0c431da1f20b9"
dependencies = [
 "num-integer",
 "num-traits",
]

[[package]]
name = "num-complex"
version = "0.4.6"
source = "registry+https://github.com/rust-lang/crates.io-index"
checksum = "73f88a1307638156682bada9d7604135552957b7818057dcef22705b4d509495"
dependencies = [
 "num-traits",
]

[[package]]
name = "num-integer"
version = "0.1.46"
source = "registry+https://github.com/rust-lang/crates.io-index"
checksum = "7969661fd2958a5cb096e56c8e1ad0444ac2bbcd0061bd28660485a44879858f"
dependencies = [
 "num-traits",
]

[[package]]
name = "num-traits"
version = "0.2.19"
source = "registry+https://github.com/rust-lang/crates.io-index"
checksum = "071dfc062690e90b734c0b2273ce72ad0ffa95f0c74596bc250dcfd960262841"
dependencies = [
 "autocfg",
 "libm",
]

[[package]]
name = "once_cell"
version = "1.21.3"
source = "registry+https://github.com/rust-lang/crates.io-index"
checksum = "42f5e15c9953c5e4ccceeb2e7382a716482c34515315f7b03532b8b4e8393d2d"

[[package]]
name = "parking_lot"
version = "0.12.3"
source = "registry+https://github.com/rust-lang/crates.io-index"
checksum = "f1bf18183cf54e8d6059647fc3063646a1801cf30896933ec2311622cc4b9a27"
dependencies = [
 "lock_api",
 "parking_lot_core",
]

[[package]]
name = "parking_lot_core"
version = "0.9.10"
source = "registry+https://github.com/rust-lang/crates.io-index"
checksum = "1e401f977ab385c9e4e3ab30627d6f26d00e2c73eef317493c4ec6d468726cf8"
dependencies = [
 "cfg-if",
 "libc",
 "redox_syscall",
 "smallvec",
 "windows-targets",
]

[[package]]
name = "phf_shared"
version = "0.13.1"
source = "registry+https://github.com/rust-lang/crates.io-index"
checksum = "e57fef6bc5981e38c2ce2d63bfa546861309f875b8a75f092d1d54ae2d64f266"
dependencies = [
 "siphasher",
]

[[package]]
name = "portable-atomic"
version = "1.10.0"
source = "registry+https://github.com/rust-lang/crates.io-index"
checksum = "280dc24453071f1b63954171985a0b0d30058d287960968b9b2aca264c8d4ee6"

[[package]]
name = "precomputed-hash"
version = "0.1.1"
source = "registry+https://github.com/rust-lang/crates.io-index"
checksum = "925383efa346730478fb4838dbe9137d2a47675ad789c546d150a6e1dd4ab31c"

[[package]]
name = "proc-macro2"
version = "1.0.92"
source = "registry+https://github.com/rust-lang/crates.io-index"
checksum = "37d3544b3f2748c54e147655edb5025752e2303145b5aefb3c3ea2c78b973bb0"
dependencies = [
 "unicode-ident",
]

[[package]]
name = "pulldown-cmark"
version = "0.9.6"
source = "registry+https://github.com/rust-lang/crates.io-index"
checksum = "57206b407293d2bcd3af849ce869d52068623f19e1b5ff8e8778e3309439682b"
dependencies = [
 "bitflags",
 "memchr",
 "unicase",
]

[[package]]
name = "pyo3"
version = "0.26.0"
source = "registry+https://github.com/rust-lang/crates.io-index"
checksum = "7ba0117f4212101ee6544044dae45abe1083d30ce7b29c4b5cbdfa2354e07383"
dependencies = [
 "indoc",
 "libc",
 "memoffset",
 "once_cell",
 "portable-atomic",
 "pyo3-build-config",
 "pyo3-ffi",
 "pyo3-macros",
 "unindent",
]

[[package]]
name = "pyo3-build-config"
version = "0.26.0"
source = "registry+https://github.com/rust-lang/crates.io-index"
checksum = "4fc6ddaf24947d12a9aa31ac65431fb1b851b8f4365426e182901eabfb87df5f"
dependencies = [
 "target-lexicon",
]

[[package]]
name = "pyo3-ffi"
version = "0.26.0"
source = "registry+https://github.com/rust-lang/crates.io-index"
checksum = "025474d3928738efb38ac36d4744a74a400c901c7596199e20e45d98eb194105"
dependencies = [
 "libc",
 "pyo3-build-config",
]

[[package]]
name = "pyo3-file"
version = "0.14.0"
source = "registry+https://github.com/rust-lang/crates.io-index"
checksum = "3b34d53fe45eb4fc354b950782dae7168f2f4919bea77868870dc1bb3bc671f0"
dependencies = [
 "pyo3",
 "skeptic",
]

[[package]]
name = "pyo3-macros"
version = "0.26.0"
source = "registry+https://github.com/rust-lang/crates.io-index"
checksum = "2e64eb489f22fe1c95911b77c44cc41e7c19f3082fc81cce90f657cdc42ffded"
dependencies = [
 "proc-macro2",
 "pyo3-macros-backend",
 "quote",
 "syn",
]

[[package]]
name = "pyo3-macros-backend"
version = "0.26.0"
source = "registry+https://github.com/rust-lang/crates.io-index"
checksum = "100246c0ecf400b475341b8455a9213344569af29a3c841d29270e53102e0fcf"
dependencies = [
 "heck",
 "proc-macro2",
 "pyo3-build-config",
 "quote",
 "syn",
]

[[package]]
name = "quick-xml"
version = "0.38.4"
source = "registry+https://github.com/rust-lang/crates.io-index"
checksum = "b66c2058c55a409d601666cffe35f04333cf1013010882cec174a7467cd4e21c"
dependencies = [
 "memchr",
]

[[package]]
name = "quote"
version = "1.0.38"
source = "registry+https://github.com/rust-lang/crates.io-index"
checksum = "0e4dccaaaf89514f546c693ddc140f729f958c247918a13380cccc6078391acc"
dependencies = [
 "proc-macro2",
]

[[package]]
name = "redox_syscall"
version = "0.5.8"
source = "registry+https://github.com/rust-lang/crates.io-index"
checksum = "03a862b389f93e68874fbf580b9de08dd02facb9a788ebadaf4a3fd33cf58834"
dependencies = [
 "bitflags",
]

[[package]]
name = "regex"
version = "1.11.1"
source = "registry+https://github.com/rust-lang/crates.io-index"
checksum = "b544ef1b4eac5dc2db33ea63606ae9ffcfac26c1416a2806ae0bf5f56b201191"
dependencies = [
 "aho-corasick",
 "memchr",
 "regex-automata",
 "regex-syntax",
]

[[package]]
name = "regex-automata"
version = "0.4.9"
source = "registry+https://github.com/rust-lang/crates.io-index"
checksum = "809e8dc61f6de73b46c85f4c96486310fe304c434cfa43669d7b40f711150908"
dependencies = [
 "aho-corasick",
 "memchr",
 "regex-syntax",
]

[[package]]
name = "regex-syntax"
version = "0.8.5"
source = "registry+https://github.com/rust-lang/crates.io-index"
checksum = "2b15c43186be67a4fd63bee50d0303afffcef381492ebe2c5d87f324e1b8815c"

[[package]]
name = "rustc_version"
version = "0.4.1"
source = "registry+https://github.com/rust-lang/crates.io-index"
checksum = "cfcb3a22ef46e85b45de6ee7e79d063319ebb6594faafcf1c225ea92ab6e9b92"
dependencies = [
 "semver",
]

[[package]]
name = "rustix"
version = "0.38.42"
source = "registry+https://github.com/rust-lang/crates.io-index"
checksum = "f93dc38ecbab2eb790ff964bb77fa94faf256fd3e73285fd7ba0903b76bedb85"
dependencies = [
 "bitflags",
 "errno",
 "libc",
 "linux-raw-sys",
 "windows-sys",
]

[[package]]
name = "ryu"
version = "1.0.18"
source = "registry+https://github.com/rust-lang/crates.io-index"
checksum = "f3cb5ba0dc43242ce17de99c180e96db90b235b8a9fdc9543c96d2209116bd9f"

[[package]]
name = "same-file"
version = "1.0.6"
source = "registry+https://github.com/rust-lang/crates.io-index"
checksum = "93fc1dc3aaa9bfed95e02e6eadabb4baf7e3078b0bd1b4d7b6b0b68378900502"
dependencies = [
 "winapi-util",
]

[[package]]
name = "scopeguard"
version = "1.2.0"
source = "registry+https://github.com/rust-lang/crates.io-index"
checksum = "94143f37725109f92c262ed2cf5e59bce7498c01bcc1502d7b9afe439a4e9f49"

[[package]]
name = "semver"
version = "1.0.24"
source = "registry+https://github.com/rust-lang/crates.io-index"
checksum = "3cb6eb87a131f756572d7fb904f6e7b68633f09cca868c5df1c4b8d1a694bbba"
dependencies = [
 "serde",
]

[[package]]
name = "serde"
version = "1.0.228"
source = "registry+https://github.com/rust-lang/crates.io-index"
checksum = "9a8e94ea7f378bd32cbbd37198a4a91436180c5bb472411e48b5ec2e2124ae9e"
dependencies = [
 "serde_core",
 "serde_derive",
]

[[package]]
name = "serde_core"
version = "1.0.228"
source = "registry+https://github.com/rust-lang/crates.io-index"
checksum = "41d385c7d4ca58e59fc732af25c3983b67ac852c1a25000afe1175de458b67ad"
dependencies = [
 "serde_derive",
]

[[package]]
name = "serde_derive"
version = "1.0.228"
source = "registry+https://github.com/rust-lang/crates.io-index"
checksum = "d540f220d3187173da220f885ab66608367b6574e925011a9353e4badda91d79"
dependencies = [
 "proc-macro2",
 "quote",
 "syn",
]

[[package]]
name = "serde_json"
version = "1.0.134"
source = "registry+https://github.com/rust-lang/crates.io-index"
checksum = "d00f4175c42ee48b15416f6193a959ba3a0d67fc699a0db9ad12df9f83991c7d"
dependencies = [
 "itoa",
 "memchr",
 "ryu",
 "serde",
]

[[package]]
name = "serde_yaml"
version = "0.9.34+deprecated"
source = "registry+https://github.com/rust-lang/crates.io-index"
checksum = "6a8b1a1a2ebf674015cc02edccce75287f1a0130d394307b36743c2f5d504b47"
dependencies = [
 "indexmap",
 "itoa",
 "ryu",
 "serde",
 "unsafe-libyaml",
]

[[package]]
name = "shlex"
version = "1.3.0"
source = "registry+https://github.com/rust-lang/crates.io-index"
checksum = "0fda2ff0d084019ba4d7c6f371c95d8fd75ce3524c3cb8fb653a3023f6323e64"

[[package]]
name = "simdutf8"
version = "0.1.5"
source = "registry+https://github.com/rust-lang/crates.io-index"
checksum = "e3a9fe34e3e7a50316060351f37187a3f546bce95496156754b601a5fa71b76e"

[[package]]
name = "siphasher"
version = "1.0.1"
source = "registry+https://github.com/rust-lang/crates.io-index"
checksum = "56199f7ddabf13fe5074ce809e7d3f42b42ae711800501b5b16ea82ad029c39d"

[[package]]
name = "skeptic"
version = "0.13.7"
source = "registry+https://github.com/rust-lang/crates.io-index"
checksum = "16d23b015676c90a0f01c197bfdc786c20342c73a0afdda9025adb0bc42940a8"
dependencies = [
 "bytecount",
 "cargo_metadata",
 "error-chain",
 "glob",
 "pulldown-cmark",
 "tempfile",
 "walkdir",
]

[[package]]
name = "smallvec"
version = "1.13.2"
source = "registry+https://github.com/rust-lang/crates.io-index"
checksum = "3c5e1a9a646d36c3599cd173a41282daf47c44583ad367b8e6837255952e5c67"

[[package]]
name = "string_cache"
version = "0.9.0"
source = "registry+https://github.com/rust-lang/crates.io-index"
checksum = "a18596f8c785a729f2819c0f6a7eae6ebeebdfffbfe4214ae6b087f690e31901"
dependencies = [
 "new_debug_unreachable",
 "parking_lot",
 "phf_shared",
 "precomputed-hash",
 "serde",
]

[[package]]
name = "syn"
version = "2.0.93"
source = "registry+https://github.com/rust-lang/crates.io-index"
checksum = "9c786062daee0d6db1132800e623df74274a0a87322d8e183338e01b3d98d058"
dependencies = [
 "proc-macro2",
 "quote",
 "unicode-ident",
]

[[package]]
name = "target-lexicon"
version = "0.13.2"
source = "registry+https://github.com/rust-lang/crates.io-index"
checksum = "e502f78cdbb8ba4718f566c418c52bc729126ffd16baee5baa718cf25dd5a69a"

[[package]]
name = "tempfile"
version = "3.14.0"
source = "registry+https://github.com/rust-lang/crates.io-index"
checksum = "28cce251fcbc87fac86a866eeb0d6c2d536fc16d06f184bb61aeae11aa4cee0c"
dependencies = [
 "cfg-if",
 "fastrand",
 "once_cell",
 "rustix",
 "windows-sys",
]

[[package]]
name = "tiny-keccak"
version = "2.0.2"
source = "registry+https://github.com/rust-lang/crates.io-index"
checksum = "2c9d3793400a45f954c52e73d068316d76b6f4e36977e3fcebb13a2721e80237"
dependencies = [
 "crunchy",
]

[[package]]
name = "unicase"
version = "2.8.1"
source = "registry+https://github.com/rust-lang/crates.io-index"
checksum = "75b844d17643ee918803943289730bec8aac480150456169e647ed0b576ba539"

[[package]]
name = "unicode-ident"
version = "1.0.14"
source = "registry+https://github.com/rust-lang/crates.io-index"
checksum = "adb9e6ca4f869e1180728b7950e35922a7fc6397f7b641499e8f3ef06e50dc83"

[[package]]
name = "unindent"
version = "0.2.3"
source = "registry+https://github.com/rust-lang/crates.io-index"
checksum = "c7de7d73e1754487cb58364ee906a499937a0dfabd86bcb980fa99ec8c8fa2ce"

[[package]]
name = "unsafe-libyaml"
version = "0.2.11"
source = "registry+https://github.com/rust-lang/crates.io-index"
checksum = "673aac59facbab8a9007c7f6108d11f63b603f7cabff99fabf650fea5c32b861"

[[package]]
name = "version_check"
version = "0.9.5"
source = "registry+https://github.com/rust-lang/crates.io-index"
checksum = "0b928f33d975fc6ad9f86c8f283853ad26bdd5b10b7f1542aa2fa15e2289105a"

[[package]]
name = "walkdir"
version = "2.5.0"
source = "registry+https://github.com/rust-lang/crates.io-index"
checksum = "29790946404f91d9c5d06f9874efddea1dc06c5efe94541a7d6863108e3a5e4b"
dependencies = [
 "same-file",
 "winapi-util",
]

[[package]]
name = "wasi"
version = "0.11.0+wasi-snapshot-preview1"
source = "registry+https://github.com/rust-lang/crates.io-index"
checksum = "9c8d87e72b64a3b4db28d11ce29237c246188f4f51057d65a7eab63b7987e423"

[[package]]
name = "wasm-bindgen"
version = "0.2.99"
source = "registry+https://github.com/rust-lang/crates.io-index"
checksum = "a474f6281d1d70c17ae7aa6a613c87fce69a127e2624002df63dcb39d6cf6396"
dependencies = [
 "cfg-if",
 "once_cell",
 "wasm-bindgen-macro",
]

[[package]]
name = "wasm-bindgen-backend"
version = "0.2.99"
source = "registry+https://github.com/rust-lang/crates.io-index"
checksum = "5f89bb38646b4f81674e8f5c3fb81b562be1fd936d84320f3264486418519c79"
dependencies = [
 "bumpalo",
 "log",
 "proc-macro2",
 "quote",
 "syn",
 "wasm-bindgen-shared",
]

[[package]]
name = "wasm-bindgen-macro"
version = "0.2.99"
source = "registry+https://github.com/rust-lang/crates.io-index"
checksum = "2cc6181fd9a7492eef6fef1f33961e3695e4579b9872a6f7c83aee556666d4fe"
dependencies = [
 "quote",
 "wasm-bindgen-macro-support",
]

[[package]]
name = "wasm-bindgen-macro-support"
version = "0.2.99"
source = "registry+https://github.com/rust-lang/crates.io-index"
checksum = "30d7a95b763d3c45903ed6c81f156801839e5ee968bb07e534c44df0fcd330c2"
dependencies = [
 "proc-macro2",
 "quote",
 "syn",
 "wasm-bindgen-backend",
 "wasm-bindgen-shared",
]

[[package]]
name = "wasm-bindgen-shared"
version = "0.2.99"
source = "registry+https://github.com/rust-lang/crates.io-index"
checksum = "943aab3fdaaa029a6e0271b35ea10b72b943135afe9bffca82384098ad0e06a6"

[[package]]
name = "winapi-util"
version = "0.1.9"
source = "registry+https://github.com/rust-lang/crates.io-index"
checksum = "cf221c93e13a30d793f7645a0e7762c55d169dbb0a49671918a2319d289b10bb"
dependencies = [
 "windows-sys",
]

[[package]]
name = "windows-core"
version = "0.52.0"
source = "registry+https://github.com/rust-lang/crates.io-index"
checksum = "33ab640c8d7e35bf8ba19b884ba838ceb4fba93a4e8c65a9059d08afcfc683d9"
dependencies = [
 "windows-targets",
]

[[package]]
name = "windows-link"
version = "0.1.1"
source = "registry+https://github.com/rust-lang/crates.io-index"
checksum = "76840935b766e1b0a05c0066835fb9ec80071d4c09a16f6bd5f7e655e3c14c38"

[[package]]
name = "windows-sys"
version = "0.59.0"
source = "registry+https://github.com/rust-lang/crates.io-index"
checksum = "1e38bc4d79ed67fd075bcc251a1c39b32a1776bbe92e5bef1f0bf1f8c531853b"
dependencies = [
 "windows-targets",
]

[[package]]
name = "windows-targets"
version = "0.52.6"
source = "registry+https://github.com/rust-lang/crates.io-index"
checksum = "9b724f72796e036ab90c1021d4780d4d3d648aca59e491e6b98e725b84e99973"
dependencies = [
 "windows_aarch64_gnullvm",
 "windows_aarch64_msvc",
 "windows_i686_gnu",
 "windows_i686_gnullvm",
 "windows_i686_msvc",
 "windows_x86_64_gnu",
 "windows_x86_64_gnullvm",
 "windows_x86_64_msvc",
]

[[package]]
name = "windows_aarch64_gnullvm"
version = "0.52.6"
source = "registry+https://github.com/rust-lang/crates.io-index"
checksum = "32a4622180e7a0ec044bb555404c800bc9fd9ec262ec147edd5989ccd0c02cd3"

[[package]]
name = "windows_aarch64_msvc"
version = "0.52.6"
source = "registry+https://github.com/rust-lang/crates.io-index"
checksum = "09ec2a7bb152e2252b53fa7803150007879548bc709c039df7627cabbd05d469"

[[package]]
name = "windows_i686_gnu"
version = "0.52.6"
source = "registry+https://github.com/rust-lang/crates.io-index"
checksum = "8e9b5ad5ab802e97eb8e295ac6720e509ee4c243f69d781394014ebfe8bbfa0b"

[[package]]
name = "windows_i686_gnullvm"
version = "0.52.6"
source = "registry+https://github.com/rust-lang/crates.io-index"
checksum = "0eee52d38c090b3caa76c563b86c3a4bd71ef1a819287c19d586d7334ae8ed66"

[[package]]
name = "windows_i686_msvc"
version = "0.52.6"
source = "registry+https://github.com/rust-lang/crates.io-index"
checksum = "240948bc05c5e7c6dabba28bf89d89ffce3e303022809e73deaefe4f6ec56c66"

[[package]]
name = "windows_x86_64_gnu"
version = "0.52.6"
source = "registry+https://github.com/rust-lang/crates.io-index"
checksum = "147a5c80aabfbf0c7d901cb5895d1de30ef2907eb21fbbab29ca94c5b08b1a78"

[[package]]
name = "windows_x86_64_gnullvm"
version = "0.52.6"
source = "registry+https://github.com/rust-lang/crates.io-index"
checksum = "24d5b23dc417412679681396f2b49f3de8c1473deb516bd34410872eff51ed0d"

[[package]]
name = "windows_x86_64_msvc"
version = "0.52.6"
source = "registry+https://github.com/rust-lang/crates.io-index"
checksum = "589f6da84c646204747d1270a2a5661ea66ed1cced2631d546fdfb155959f9ec"

[[package]]
name = "xml2arrow"
version = "0.12.0"
source = "registry+https://github.com/rust-lang/crates.io-index"
checksum = "c27a74ec809928d883dabeea219e6611a5526f8bd446fd3fd52ab2595565ca93"
dependencies = [
 "arrow",
 "derive_more",
 "fxhash",
 "indexmap",
 "pyo3",
 "quick-xml",
 "serde",
 "serde_yaml",
 "string_cache",
]

[[package]]
name = "zerocopy"
version = "0.7.35"
source = "registry+https://github.com/rust-lang/crates.io-index"
checksum = "1b9b4fd18abc82b8136838da5d50bae7bdea537c574d8dc1a34ed098d6c166f0"
dependencies = [
 "zerocopy-derive",
]

[[package]]
name = "zerocopy-derive"
version = "0.7.35"
source = "registry+https://github.com/rust-lang/crates.io-index"
checksum = "fa4f8080344d4671fb4e831a13ad1e68092748387dfc4f55e356242fae12ce3e"
dependencies = [
 "proc-macro2",
 "quote",
 "syn",
]
